# This file is automatically @generated by Cargo.
# It is not intended for manual editing.
version = 4

[[package]]
name = "ferros-grynn"
version = "0.1.0"
dependencies = [
 "kernel",
 "query_engine",
 "storage_engine",
 "transaction_manager",
]

[[package]]
name = "kernel"
version = "0.1.0"

[[package]]
name = "query_engine"
version = "0.1.0"

[[package]]
name = "storage_engine"
version = "0.1.0"

[[package]]
name = "transaction_manager"
version = "0.1.0"
